
Microsoft Visual Studio Solution File, Format Version 12.00
# Visual Studio Version 17
VisualStudioVersion = 17.11.35327.3
MinimumVisualStudioVersion = 10.0.40219.1
Project("{9A19103F-16F7-4668-BE54-9A1E7A4F7556}") = "Lekce_5_DU", "Lekce_5_DU\Lekce_5_DU.csproj", "{70908B46-E2E9-4555-B586-2600DA206859}"
EndProject
Project("{9A19103F-16F7-4668-BE54-9A1E7A4F7556}") = "Lekce_5", "Lekce_5\Lekce_5.csproj", "{D08AC201-39B6-4F4A-9405-431E2CE695B8}"
EndProject
Project("{FAE04EC0-301F-11D3-BF4B-00C04F79EFBC}") = "Lekce_4_DU", "Lekce_4_DU\Lekce_4_DU.csproj", "{6D780E98-EB79-4EC7-800C-06A26234EE38}"
EndProject
Global
	GlobalSection(SolutionConfigurationPlatforms) = preSolution
		Debug|Any CPU = Debug|Any CPU
		Release|Any CPU = Release|Any CPU
	EndGlobalSection
	GlobalSection(ProjectConfigurationPlatforms) = postSolution
		{70908B46-E2E9-4555-B586-2600DA206859}.Debug|Any CPU.ActiveCfg = Debug|Any CPU
		{70908B46-E2E9-4555-B586-2600DA206859}.Debug|Any CPU.Build.0 = Debug|Any CPU
		{70908B46-E2E9-4555-B586-2600DA206859}.Release|Any CPU.ActiveCfg = Release|Any CPU
		{70908B46-E2E9-4555-B586-2600DA206859}.Release|Any CPU.Build.0 = Release|Any CPU
		{D08AC201-39B6-4F4A-9405-431E2CE695B8}.Debug|Any CPU.ActiveCfg = Debug|Any CPU
		{D08AC201-39B6-4F4A-9405-431E2CE695B8}.Debug|Any CPU.Build.0 = Debug|Any CPU
		{D08AC201-39B6-4F4A-9405-431E2CE695B8}.Release|Any CPU.ActiveCfg = Release|Any CPU
		{D08AC201-39B6-4F4A-9405-431E2CE695B8}.Release|Any CPU.Build.0 = Release|Any CPU
		{6D780E98-EB79-4EC7-800C-06A26234EE38}.Debug|Any CPU.ActiveCfg = Debug|Any CPU
		{6D780E98-EB79-4EC7-800C-06A26234EE38}.Debug|Any CPU.Build.0 = Debug|Any CPU
		{6D780E98-EB79-4EC7-800C-06A26234EE38}.Release|Any CPU.ActiveCfg = Release|Any CPU
		{6D780E98-EB79-4EC7-800C-06A26234EE38}.Release|Any CPU.Build.0 = Release|Any CPU
	EndGlobalSection
	GlobalSection(SolutionProperties) = preSolution
		HideSolutionNode = FALSE
	EndGlobalSection
	GlobalSection(ExtensibilityGlobals) = postSolution
		SolutionGuid = {49167983-641C-441D-871A-6125D9CCE730}
	EndGlobalSection
EndGlobal
