
Microsoft Visual Studio Solution File, Format Version 12.00
# Visual Studio Version 17
VisualStudioVersion = 17.11.35327.3
MinimumVisualStudioVersion = 10.0.40219.1
Project("{9A19103F-16F7-4668-BE54-9A1E7A4F7556}") = "Lekce_5_DU", "Lekce_5_DU\Lekce_5_DU.csproj", "{70908B46-E2E9-4555-B586-2600DA206859}"
EndProject
Project("{9A19103F-16F7-4668-BE54-9A1E7A4F7556}") = "Lekce_5_metody", "Lekce_5\Lekce_5_metody.csproj", "{D08AC201-39B6-4F4A-9405-431E2CE695B8}"
EndProject
Project("{9A19103F-16F7-4668-BE54-9A1E7A4F7556}") = "Lekce_4_DU", "Lekce_4_DU\Lekce_4_DU.csproj", "{6D780E98-EB79-4EC7-800C-06A26234EE38}"
EndProject
Project("{9A19103F-16F7-4668-BE54-9A1E7A4F7556}") = "Lekce_4_DU_2", "Lekce_4_DU_2\Lekce_4_DU_2.csproj", "{944DCEF6-F27A-460F-B0F2-61CAF5DFC789}"
EndProject
Project("{9A19103F-16F7-4668-BE54-9A1E7A4F7556}") = "Lekce_5_haf", "Lekce_5_haf\Lekce_5_haf.csproj", "{9AE35343-810A-4F96-92EA-4AA77FE1CDC8}"
EndProject
Project("{9A19103F-16F7-4668-BE54-9A1E7A4F7556}") = "Lekce_5_1cast", "Lekce_5_1cast\Lekce_5_1cast.csproj", "{08645C91-DB96-4D93-B7C1-580BF5B4C863}"
EndProject
Project("{9A19103F-16F7-4668-BE54-9A1E7A4F7556}") = "Lekce_5_Breakout2", "Lekce_5_Breakout2\Lekce_5_Breakout2.csproj", "{653B9879-555C-4710-A66E-904F5A075A84}"
EndProject
Project("{9A19103F-16F7-4668-BE54-9A1E7A4F7556}") = "Lekce_1_summary", "Lekce_1_summary\Lekce_1_summary.csproj", "{5D38DD56-76B9-48A1-B273-0F5B3BF41FDB}"
EndProject
Project("{9A19103F-16F7-4668-BE54-9A1E7A4F7556}") = "Lekce_2_summary", "Lekce_2_summary\Lekce_2_summary.csproj", "{7C24338F-E14E-4025-9536-E95C1495DD5C}"
EndProject
Project("{9A19103F-16F7-4668-BE54-9A1E7A4F7556}") = "Lekce_6_uvod", "Lekce_6_uvod\Lekce_6_uvod.csproj", "{8C4A5F71-1CEC-4A62-900F-7166032FE947}"
EndProject
Project("{9A19103F-16F7-4668-BE54-9A1E7A4F7556}") = "Lekce_6_breakoutroom_1", "Lekce_6_breakoutroom_1\Lekce_6_breakoutroom_1.csproj", "{F266B7CF-757A-4BF7-B799-9D17989DF624}"
EndProject
Project("{9A19103F-16F7-4668-BE54-9A1E7A4F7556}") = "Lekce_6_pokracovani", "Lekce_6_pokracovani\Lekce_6_pokracovani.csproj", "{C6BF3B92-E43D-420B-9A4D-4385E3B7F9D3}"
EndProject
Project("{9A19103F-16F7-4668-BE54-9A1E7A4F7556}") = "DU_Lekce_6_DomaciUkol", "Lekce_6_DomaciUkol\DU_Lekce_6_DomaciUkol.csproj", "{40B036E6-C63D-405B-9442-14DA75A8AE1A}"
EndProject
Project("{9A19103F-16F7-4668-BE54-9A1E7A4F7556}") = "DU_Lekce_6_DomaciUkol_test", "DU_Lekce_6_DomaciUkol_test\DU_Lekce_6_DomaciUkol_test.csproj", "{3899AFC5-7B14-47D4-8E4E-3DFD34DCDF0C}"
EndProject
Project("{9A19103F-16F7-4668-BE54-9A1E7A4F7556}") = "DU_Lekce_6_DomaciUkol_vyreseny", "DU_Lekce_6_DomaciUkol_test_2\DU_Lekce_6_DomaciUkol_vyreseny.csproj", "{C739612C-B4C6-4144-A346-BC218D3B5108}"
EndProject
Project("{9A19103F-16F7-4668-BE54-9A1E7A4F7556}") = "Lekce_7_1", "Lekce_7_1\Lekce_7_1.csproj", "{A8C75ACB-6FE9-4029-BC24-8050828D31F0}"
EndProject
Project("{9A19103F-16F7-4668-BE54-9A1E7A4F7556}") = "Lekce_7_odJirky", "Lekce_7_odJirky\Lekce_7_odJirky.csproj", "{820CBE01-9BD7-4D2C-BD2F-5481B266E57C}"
EndProject
Project("{9A19103F-16F7-4668-BE54-9A1E7A4F7556}") = "Lekce_7_prvniBreakoutRoom", "Lekce_7_prvniBreakoutRoom\Lekce_7_prvniBreakoutRoom.csproj", "{7801A5C9-35CF-4C90-8DED-2501A37FAEC9}"
EndProject
Project("{9A19103F-16F7-4668-BE54-9A1E7A4F7556}") = "Lekce_7_kodOdJirky2", "Lekce_7_kodOdJirky2\Lekce_7_kodOdJirky2.csproj", "{46607C90-5E8A-4A49-8EB3-44DC9032E6AC}"
EndProject
Project("{9A19103F-16F7-4668-BE54-9A1E7A4F7556}") = "Lekce_7_BR2", "Lekce_7_BR2\Lekce_7_BR2.csproj", "{F826716C-8634-4F45-9CA1-25E7B23FB441}"
EndProject
Project("{9A19103F-16F7-4668-BE54-9A1E7A4F7556}") = "Lekce_8_OOP_opakovani", "Lekce_8_OOP_opakovani\Lekce_8_OOP_opakovani.csproj", "{B824A478-2E4B-4DD4-A086-0D11F95F3EAA}"
EndProject
Project("{9A19103F-16F7-4668-BE54-9A1E7A4F7556}") = "Lekce_8_breakout", "Lekce_8_breakout\Lekce_8_breakout.csproj", "{BC1ABDB2-2346-45A9-9D7A-6670285F7A5C}"
EndProject
Project("{9A19103F-16F7-4668-BE54-9A1E7A4F7556}") = "ProjektC#1", "ProjektC#1\ProjektC#1.csproj", "{88CD64B7-2E64-420F-B11E-DEC126C89BA1}"
EndProject
Project("{FAE04EC0-301F-11D3-BF4B-00C04F79EFBC}") = "DU_Lekce_7", "DU_Lekce_7\DU_Lekce_7.csproj", "{C0389107-6EB6-428B-BE97-F6363D3ACE02}"
EndProject
Global
	GlobalSection(SolutionConfigurationPlatforms) = preSolution
		Debug|Any CPU = Debug|Any CPU
		Release|Any CPU = Release|Any CPU
	EndGlobalSection
	GlobalSection(ProjectConfigurationPlatforms) = postSolution
		{70908B46-E2E9-4555-B586-2600DA206859}.Debug|Any CPU.ActiveCfg = Debug|Any CPU
		{70908B46-E2E9-4555-B586-2600DA206859}.Debug|Any CPU.Build.0 = Debug|Any CPU
		{70908B46-E2E9-4555-B586-2600DA206859}.Release|Any CPU.ActiveCfg = Release|Any CPU
		{70908B46-E2E9-4555-B586-2600DA206859}.Release|Any CPU.Build.0 = Release|Any CPU
		{D08AC201-39B6-4F4A-9405-431E2CE695B8}.Debug|Any CPU.ActiveCfg = Debug|Any CPU
		{D08AC201-39B6-4F4A-9405-431E2CE695B8}.Debug|Any CPU.Build.0 = Debug|Any CPU
		{D08AC201-39B6-4F4A-9405-431E2CE695B8}.Release|Any CPU.ActiveCfg = Release|Any CPU
		{D08AC201-39B6-4F4A-9405-431E2CE695B8}.Release|Any CPU.Build.0 = Release|Any CPU
		{6D780E98-EB79-4EC7-800C-06A26234EE38}.Debug|Any CPU.ActiveCfg = Debug|Any CPU
		{6D780E98-EB79-4EC7-800C-06A26234EE38}.Debug|Any CPU.Build.0 = Debug|Any CPU
		{6D780E98-EB79-4EC7-800C-06A26234EE38}.Release|Any CPU.ActiveCfg = Release|Any CPU
		{6D780E98-EB79-4EC7-800C-06A26234EE38}.Release|Any CPU.Build.0 = Release|Any CPU
		{944DCEF6-F27A-460F-B0F2-61CAF5DFC789}.Debug|Any CPU.ActiveCfg = Debug|Any CPU
		{944DCEF6-F27A-460F-B0F2-61CAF5DFC789}.Debug|Any CPU.Build.0 = Debug|Any CPU
		{944DCEF6-F27A-460F-B0F2-61CAF5DFC789}.Release|Any CPU.ActiveCfg = Release|Any CPU
		{944DCEF6-F27A-460F-B0F2-61CAF5DFC789}.Release|Any CPU.Build.0 = Release|Any CPU
		{9AE35343-810A-4F96-92EA-4AA77FE1CDC8}.Debug|Any CPU.ActiveCfg = Debug|Any CPU
		{9AE35343-810A-4F96-92EA-4AA77FE1CDC8}.Debug|Any CPU.Build.0 = Debug|Any CPU
		{9AE35343-810A-4F96-92EA-4AA77FE1CDC8}.Release|Any CPU.ActiveCfg = Release|Any CPU
		{9AE35343-810A-4F96-92EA-4AA77FE1CDC8}.Release|Any CPU.Build.0 = Release|Any CPU
		{08645C91-DB96-4D93-B7C1-580BF5B4C863}.Debug|Any CPU.ActiveCfg = Debug|Any CPU
		{08645C91-DB96-4D93-B7C1-580BF5B4C863}.Debug|Any CPU.Build.0 = Debug|Any CPU
		{08645C91-DB96-4D93-B7C1-580BF5B4C863}.Release|Any CPU.ActiveCfg = Release|Any CPU
		{08645C91-DB96-4D93-B7C1-580BF5B4C863}.Release|Any CPU.Build.0 = Release|Any CPU
		{653B9879-555C-4710-A66E-904F5A075A84}.Debug|Any CPU.ActiveCfg = Debug|Any CPU
		{653B9879-555C-4710-A66E-904F5A075A84}.Debug|Any CPU.Build.0 = Debug|Any CPU
		{653B9879-555C-4710-A66E-904F5A075A84}.Release|Any CPU.ActiveCfg = Release|Any CPU
		{653B9879-555C-4710-A66E-904F5A075A84}.Release|Any CPU.Build.0 = Release|Any CPU
		{5D38DD56-76B9-48A1-B273-0F5B3BF41FDB}.Debug|Any CPU.ActiveCfg = Debug|Any CPU
		{5D38DD56-76B9-48A1-B273-0F5B3BF41FDB}.Debug|Any CPU.Build.0 = Debug|Any CPU
		{5D38DD56-76B9-48A1-B273-0F5B3BF41FDB}.Release|Any CPU.ActiveCfg = Release|Any CPU
		{5D38DD56-76B9-48A1-B273-0F5B3BF41FDB}.Release|Any CPU.Build.0 = Release|Any CPU
		{7C24338F-E14E-4025-9536-E95C1495DD5C}.Debug|Any CPU.ActiveCfg = Debug|Any CPU
		{7C24338F-E14E-4025-9536-E95C1495DD5C}.Debug|Any CPU.Build.0 = Debug|Any CPU
		{7C24338F-E14E-4025-9536-E95C1495DD5C}.Release|Any CPU.ActiveCfg = Release|Any CPU
		{7C24338F-E14E-4025-9536-E95C1495DD5C}.Release|Any CPU.Build.0 = Release|Any CPU
		{8C4A5F71-1CEC-4A62-900F-7166032FE947}.Debug|Any CPU.ActiveCfg = Debug|Any CPU
		{8C4A5F71-1CEC-4A62-900F-7166032FE947}.Debug|Any CPU.Build.0 = Debug|Any CPU
		{8C4A5F71-1CEC-4A62-900F-7166032FE947}.Release|Any CPU.ActiveCfg = Release|Any CPU
		{8C4A5F71-1CEC-4A62-900F-7166032FE947}.Release|Any CPU.Build.0 = Release|Any CPU
		{F266B7CF-757A-4BF7-B799-9D17989DF624}.Debug|Any CPU.ActiveCfg = Debug|Any CPU
		{F266B7CF-757A-4BF7-B799-9D17989DF624}.Debug|Any CPU.Build.0 = Debug|Any CPU
		{F266B7CF-757A-4BF7-B799-9D17989DF624}.Release|Any CPU.ActiveCfg = Release|Any CPU
		{F266B7CF-757A-4BF7-B799-9D17989DF624}.Release|Any CPU.Build.0 = Release|Any CPU
		{C6BF3B92-E43D-420B-9A4D-4385E3B7F9D3}.Debug|Any CPU.ActiveCfg = Debug|Any CPU
		{C6BF3B92-E43D-420B-9A4D-4385E3B7F9D3}.Debug|Any CPU.Build.0 = Debug|Any CPU
		{C6BF3B92-E43D-420B-9A4D-4385E3B7F9D3}.Release|Any CPU.ActiveCfg = Release|Any CPU
		{C6BF3B92-E43D-420B-9A4D-4385E3B7F9D3}.Release|Any CPU.Build.0 = Release|Any CPU
		{40B036E6-C63D-405B-9442-14DA75A8AE1A}.Debug|Any CPU.ActiveCfg = Debug|Any CPU
		{40B036E6-C63D-405B-9442-14DA75A8AE1A}.Debug|Any CPU.Build.0 = Debug|Any CPU
		{40B036E6-C63D-405B-9442-14DA75A8AE1A}.Release|Any CPU.ActiveCfg = Release|Any CPU
		{40B036E6-C63D-405B-9442-14DA75A8AE1A}.Release|Any CPU.Build.0 = Release|Any CPU
		{3899AFC5-7B14-47D4-8E4E-3DFD34DCDF0C}.Debug|Any CPU.ActiveCfg = Debug|Any CPU
		{3899AFC5-7B14-47D4-8E4E-3DFD34DCDF0C}.Debug|Any CPU.Build.0 = Debug|Any CPU
		{3899AFC5-7B14-47D4-8E4E-3DFD34DCDF0C}.Release|Any CPU.ActiveCfg = Release|Any CPU
		{3899AFC5-7B14-47D4-8E4E-3DFD34DCDF0C}.Release|Any CPU.Build.0 = Release|Any CPU
		{C739612C-B4C6-4144-A346-BC218D3B5108}.Debug|Any CPU.ActiveCfg = Debug|Any CPU
		{C739612C-B4C6-4144-A346-BC218D3B5108}.Debug|Any CPU.Build.0 = Debug|Any CPU
		{C739612C-B4C6-4144-A346-BC218D3B5108}.Release|Any CPU.ActiveCfg = Release|Any CPU
		{C739612C-B4C6-4144-A346-BC218D3B5108}.Release|Any CPU.Build.0 = Release|Any CPU
		{A8C75ACB-6FE9-4029-BC24-8050828D31F0}.Debug|Any CPU.ActiveCfg = Debug|Any CPU
		{A8C75ACB-6FE9-4029-BC24-8050828D31F0}.Debug|Any CPU.Build.0 = Debug|Any CPU
		{A8C75ACB-6FE9-4029-BC24-8050828D31F0}.Release|Any CPU.ActiveCfg = Release|Any CPU
		{A8C75ACB-6FE9-4029-BC24-8050828D31F0}.Release|Any CPU.Build.0 = Release|Any CPU
		{820CBE01-9BD7-4D2C-BD2F-5481B266E57C}.Debug|Any CPU.ActiveCfg = Debug|Any CPU
		{820CBE01-9BD7-4D2C-BD2F-5481B266E57C}.Debug|Any CPU.Build.0 = Debug|Any CPU
		{820CBE01-9BD7-4D2C-BD2F-5481B266E57C}.Release|Any CPU.ActiveCfg = Release|Any CPU
		{820CBE01-9BD7-4D2C-BD2F-5481B266E57C}.Release|Any CPU.Build.0 = Release|Any CPU
		{7801A5C9-35CF-4C90-8DED-2501A37FAEC9}.Debug|Any CPU.ActiveCfg = Debug|Any CPU
		{7801A5C9-35CF-4C90-8DED-2501A37FAEC9}.Debug|Any CPU.Build.0 = Debug|Any CPU
		{7801A5C9-35CF-4C90-8DED-2501A37FAEC9}.Release|Any CPU.ActiveCfg = Release|Any CPU
		{7801A5C9-35CF-4C90-8DED-2501A37FAEC9}.Release|Any CPU.Build.0 = Release|Any CPU
		{46607C90-5E8A-4A49-8EB3-44DC9032E6AC}.Debug|Any CPU.ActiveCfg = Debug|Any CPU
		{46607C90-5E8A-4A49-8EB3-44DC9032E6AC}.Debug|Any CPU.Build.0 = Debug|Any CPU
		{46607C90-5E8A-4A49-8EB3-44DC9032E6AC}.Release|Any CPU.ActiveCfg = Release|Any CPU
		{46607C90-5E8A-4A49-8EB3-44DC9032E6AC}.Release|Any CPU.Build.0 = Release|Any CPU
		{F826716C-8634-4F45-9CA1-25E7B23FB441}.Debug|Any CPU.ActiveCfg = Debug|Any CPU
		{F826716C-8634-4F45-9CA1-25E7B23FB441}.Debug|Any CPU.Build.0 = Debug|Any CPU
		{F826716C-8634-4F45-9CA1-25E7B23FB441}.Release|Any CPU.ActiveCfg = Release|Any CPU
		{F826716C-8634-4F45-9CA1-25E7B23FB441}.Release|Any CPU.Build.0 = Release|Any CPU
		{B824A478-2E4B-4DD4-A086-0D11F95F3EAA}.Debug|Any CPU.ActiveCfg = Debug|Any CPU
		{B824A478-2E4B-4DD4-A086-0D11F95F3EAA}.Debug|Any CPU.Build.0 = Debug|Any CPU
		{B824A478-2E4B-4DD4-A086-0D11F95F3EAA}.Release|Any CPU.ActiveCfg = Release|Any CPU
		{B824A478-2E4B-4DD4-A086-0D11F95F3EAA}.Release|Any CPU.Build.0 = Release|Any CPU
		{BC1ABDB2-2346-45A9-9D7A-6670285F7A5C}.Debug|Any CPU.ActiveCfg = Debug|Any CPU
		{BC1ABDB2-2346-45A9-9D7A-6670285F7A5C}.Debug|Any CPU.Build.0 = Debug|Any CPU
		{BC1ABDB2-2346-45A9-9D7A-6670285F7A5C}.Release|Any CPU.ActiveCfg = Release|Any CPU
		{BC1ABDB2-2346-45A9-9D7A-6670285F7A5C}.Release|Any CPU.Build.0 = Release|Any CPU
		{88CD64B7-2E64-420F-B11E-DEC126C89BA1}.Debug|Any CPU.ActiveCfg = Debug|Any CPU
		{88CD64B7-2E64-420F-B11E-DEC126C89BA1}.Debug|Any CPU.Build.0 = Debug|Any CPU
		{88CD64B7-2E64-420F-B11E-DEC126C89BA1}.Release|Any CPU.ActiveCfg = Release|Any CPU
		{88CD64B7-2E64-420F-B11E-DEC126C89BA1}.Release|Any CPU.Build.0 = Release|Any CPU
		{C0389107-6EB6-428B-BE97-F6363D3ACE02}.Debug|Any CPU.ActiveCfg = Debug|Any CPU
		{C0389107-6EB6-428B-BE97-F6363D3ACE02}.Debug|Any CPU.Build.0 = Debug|Any CPU
		{C0389107-6EB6-428B-BE97-F6363D3ACE02}.Release|Any CPU.ActiveCfg = Release|Any CPU
		{C0389107-6EB6-428B-BE97-F6363D3ACE02}.Release|Any CPU.Build.0 = Release|Any CPU
	EndGlobalSection
	GlobalSection(SolutionProperties) = preSolution
		HideSolutionNode = FALSE
	EndGlobalSection
	GlobalSection(ExtensibilityGlobals) = postSolution
		SolutionGuid = {49167983-641C-441D-871A-6125D9CCE730}
	EndGlobalSection
EndGlobal
